// !$*UTF8*$!
{
	archiveVersion = 1;
	classes = {
	};
	objectVersion = 55;
	objects = {

/* Begin PBXBuildFile section */
		007D33782B32206D001FCEC7 /* AccountViewModel.swift in Sources */ = {isa = PBXBuildFile; fileRef = 007D33772B32206D001FCEC7 /* AccountViewModel.swift */; };
		007D337B2B32226D001FCEC7 /* String+Ext.swift in Sources */ = {isa = PBXBuildFile; fileRef = 007D337A2B32226D001FCEC7 /* String+Ext.swift */; };
		007D337D2B3223F4001FCEC7 /* Color+Ext.swift in Sources */ = {isa = PBXBuildFile; fileRef = 007D337C2B3223F4001FCEC7 /* Color+Ext.swift */; };
		007D337F2B322FA8001FCEC7 /* User.swift in Sources */ = {isa = PBXBuildFile; fileRef = 007D337E2B322FA8001FCEC7 /* User.swift */; };
		0090EF5F2B2655BC00FAD20B /* AppetizersModel.swift in Sources */ = {isa = PBXBuildFile; fileRef = 0090EF5E2B2655BC00FAD20B /* AppetizersModel.swift */; };
		0090EF612B27793F00FAD20B /* AppetizerListCell.swift in Sources */ = {isa = PBXBuildFile; fileRef = 0090EF602B27793E00FAD20B /* AppetizerListCell.swift */; };
		0090EF742B2787F800FAD20B /* Networking.swift in Sources */ = {isa = PBXBuildFile; fileRef = 0090EF732B2787F800FAD20B /* Networking.swift */; };
		0090EF772B278B9F00FAD20B /* AppetizersListViewModel.swift in Sources */ = {isa = PBXBuildFile; fileRef = 0090EF762B278B9F00FAD20B /* AppetizersListViewModel.swift */; };
		0090EF792B278F7300FAD20B /* LoadingView.swift in Sources */ = {isa = PBXBuildFile; fileRef = 0090EF782B278F7300FAD20B /* LoadingView.swift */; };
		0090EF7B2B29026C00FAD20B /* RemoteImageView.swift in Sources */ = {isa = PBXBuildFile; fileRef = 0090EF7A2B29026C00FAD20B /* RemoteImageView.swift */; };
		0090EF842B2E58B900FAD20B /* AppetizerDetailView.swift in Sources */ = {isa = PBXBuildFile; fileRef = 0090EF832B2E58B900FAD20B /* AppetizerDetailView.swift */; };
		0090EF872B2FA49E00FAD20B /* AppetizerButton.swift in Sources */ = {isa = PBXBuildFile; fileRef = 0090EF862B2FA49E00FAD20B /* AppetizerButton.swift */; };
		0090EF892B2FA56600FAD20B /* XDismissButton.swift in Sources */ = {isa = PBXBuildFile; fileRef = 0090EF882B2FA56600FAD20B /* XDismissButton.swift */; };
		00BABF152B338178001A28EE /* EmptyStateView.swift in Sources */ = {isa = PBXBuildFile; fileRef = 00BABF142B338178001A28EE /* EmptyStateView.swift */; };
		00BABF172B3392B7001A28EE /* Order.swift in Sources */ = {isa = PBXBuildFile; fileRef = 00BABF162B3392B7001A28EE /* Order.swift */; };
		00BABF192B339AD7001A28EE /* StandardButtonStyle.swift in Sources */ = {isa = PBXBuildFile; fileRef = 00BABF182B339AD7001A28EE /* StandardButtonStyle.swift */; };
		00DDFB5E2B24DA4D0024FD8B /* AppetizersApp.swift in Sources */ = {isa = PBXBuildFile; fileRef = 00DDFB5D2B24DA4D0024FD8B /* AppetizersApp.swift */; };
		00DDFB602B24DA4D0024FD8B /* AppetizersTabView.swift in Sources */ = {isa = PBXBuildFile; fileRef = 00DDFB5F2B24DA4D0024FD8B /* AppetizersTabView.swift */; };
		00DDFB622B24DA4F0024FD8B /* Assets.xcassets in Resources */ = {isa = PBXBuildFile; fileRef = 00DDFB612B24DA4F0024FD8B /* Assets.xcassets */; };
		00DDFB652B24DA4F0024FD8B /* Preview Assets.xcassets in Resources */ = {isa = PBXBuildFile; fileRef = 00DDFB642B24DA4F0024FD8B /* Preview Assets.xcassets */; };
		00DDFB6F2B24DA500024FD8B /* AppetizersTests.swift in Sources */ = {isa = PBXBuildFile; fileRef = 00DDFB6E2B24DA500024FD8B /* AppetizersTests.swift */; };
		00DDFB792B24DA500024FD8B /* AppetizersUITests.swift in Sources */ = {isa = PBXBuildFile; fileRef = 00DDFB782B24DA500024FD8B /* AppetizersUITests.swift */; };
		00DDFB7B2B24DA500024FD8B /* AppetizersUITestsLaunchTests.swift in Sources */ = {isa = PBXBuildFile; fileRef = 00DDFB7A2B24DA500024FD8B /* AppetizersUITestsLaunchTests.swift */; };
		00DDFB882B25248D0024FD8B /* AppetizersListView.swift in Sources */ = {isa = PBXBuildFile; fileRef = 00DDFB872B25248D0024FD8B /* AppetizersListView.swift */; };
		00DDFB8A2B2524C40024FD8B /* AccountView.swift in Sources */ = {isa = PBXBuildFile; fileRef = 00DDFB892B2524C40024FD8B /* AccountView.swift */; };
		00DDFB8C2B2524D30024FD8B /* OrderView.swift in Sources */ = {isa = PBXBuildFile; fileRef = 00DDFB8B2B2524D30024FD8B /* OrderView.swift */; };
/* End PBXBuildFile section */

/* Begin PBXContainerItemProxy section */
		00DDFB6B2B24DA500024FD8B /* PBXContainerItemProxy */ = {
			isa = PBXContainerItemProxy;
			containerPortal = 00DDFB522B24DA4D0024FD8B /* Project object */;
			proxyType = 1;
			remoteGlobalIDString = 00DDFB592B24DA4D0024FD8B;
			remoteInfo = Appetizers;
		};
		00DDFB752B24DA500024FD8B /* PBXContainerItemProxy */ = {
			isa = PBXContainerItemProxy;
			containerPortal = 00DDFB522B24DA4D0024FD8B /* Project object */;
			proxyType = 1;
			remoteGlobalIDString = 00DDFB592B24DA4D0024FD8B;
			remoteInfo = Appetizers;
		};
/* End PBXContainerItemProxy section */

/* Begin PBXFileReference section */
		007D33772B32206D001FCEC7 /* AccountViewModel.swift */ = {isa = PBXFileReference; lastKnownFileType = sourcecode.swift; path = AccountViewModel.swift; sourceTree = "<group>"; };
		007D337A2B32226D001FCEC7 /* String+Ext.swift */ = {isa = PBXFileReference; lastKnownFileType = sourcecode.swift; path = "String+Ext.swift"; sourceTree = "<group>"; };
		007D337C2B3223F4001FCEC7 /* Color+Ext.swift */ = {isa = PBXFileReference; lastKnownFileType = sourcecode.swift; path = "Color+Ext.swift"; sourceTree = "<group>"; };
		007D337E2B322FA8001FCEC7 /* User.swift */ = {isa = PBXFileReference; lastKnownFileType = sourcecode.swift; path = User.swift; sourceTree = "<group>"; };
		0090EF5E2B2655BC00FAD20B /* AppetizersModel.swift */ = {isa = PBXFileReference; lastKnownFileType = sourcecode.swift; path = AppetizersModel.swift; sourceTree = "<group>"; };
		0090EF602B27793E00FAD20B /* AppetizerListCell.swift */ = {isa = PBXFileReference; lastKnownFileType = sourcecode.swift; path = AppetizerListCell.swift; sourceTree = "<group>"; };
		0090EF732B2787F800FAD20B /* Networking.swift */ = {isa = PBXFileReference; lastKnownFileType = sourcecode.swift; path = Networking.swift; sourceTree = "<group>"; };
		0090EF762B278B9F00FAD20B /* AppetizersListViewModel.swift */ = {isa = PBXFileReference; lastKnownFileType = sourcecode.swift; path = AppetizersListViewModel.swift; sourceTree = "<group>"; };
		0090EF782B278F7300FAD20B /* LoadingView.swift */ = {isa = PBXFileReference; lastKnownFileType = sourcecode.swift; path = LoadingView.swift; sourceTree = "<group>"; };
		0090EF7A2B29026C00FAD20B /* RemoteImageView.swift */ = {isa = PBXFileReference; lastKnownFileType = sourcecode.swift; path = RemoteImageView.swift; sourceTree = "<group>"; };
		0090EF832B2E58B900FAD20B /* AppetizerDetailView.swift */ = {isa = PBXFileReference; lastKnownFileType = sourcecode.swift; path = AppetizerDetailView.swift; sourceTree = "<group>"; };
		0090EF862B2FA49E00FAD20B /* AppetizerButton.swift */ = {isa = PBXFileReference; lastKnownFileType = sourcecode.swift; path = AppetizerButton.swift; sourceTree = "<group>"; };
		0090EF882B2FA56600FAD20B /* XDismissButton.swift */ = {isa = PBXFileReference; lastKnownFileType = sourcecode.swift; path = XDismissButton.swift; sourceTree = "<group>"; };
		00BABF142B338178001A28EE /* EmptyStateView.swift */ = {isa = PBXFileReference; lastKnownFileType = sourcecode.swift; path = EmptyStateView.swift; sourceTree = "<group>"; };
		00BABF162B3392B7001A28EE /* Order.swift */ = {isa = PBXFileReference; lastKnownFileType = sourcecode.swift; path = Order.swift; sourceTree = "<group>"; };
		00BABF182B339AD7001A28EE /* StandardButtonStyle.swift */ = {isa = PBXFileReference; lastKnownFileType = sourcecode.swift; path = StandardButtonStyle.swift; sourceTree = "<group>"; };
		00DDFB5A2B24DA4D0024FD8B /* Appetizers.app */ = {isa = PBXFileReference; explicitFileType = wrapper.application; includeInIndex = 0; path = Appetizers.app; sourceTree = BUILT_PRODUCTS_DIR; };
		00DDFB5D2B24DA4D0024FD8B /* AppetizersApp.swift */ = {isa = PBXFileReference; lastKnownFileType = sourcecode.swift; path = AppetizersApp.swift; sourceTree = "<group>"; };
		00DDFB5F2B24DA4D0024FD8B /* AppetizersTabView.swift */ = {isa = PBXFileReference; lastKnownFileType = sourcecode.swift; path = AppetizersTabView.swift; sourceTree = "<group>"; };
		00DDFB612B24DA4F0024FD8B /* Assets.xcassets */ = {isa = PBXFileReference; lastKnownFileType = folder.assetcatalog; path = Assets.xcassets; sourceTree = "<group>"; };
		00DDFB642B24DA4F0024FD8B /* Preview Assets.xcassets */ = {isa = PBXFileReference; lastKnownFileType = folder.assetcatalog; path = "Preview Assets.xcassets"; sourceTree = "<group>"; };
		00DDFB6A2B24DA500024FD8B /* AppetizersTests.xctest */ = {isa = PBXFileReference; explicitFileType = wrapper.cfbundle; includeInIndex = 0; path = AppetizersTests.xctest; sourceTree = BUILT_PRODUCTS_DIR; };
		00DDFB6E2B24DA500024FD8B /* AppetizersTests.swift */ = {isa = PBXFileReference; lastKnownFileType = sourcecode.swift; path = AppetizersTests.swift; sourceTree = "<group>"; };
		00DDFB742B24DA500024FD8B /* AppetizersUITests.xctest */ = {isa = PBXFileReference; explicitFileType = wrapper.cfbundle; includeInIndex = 0; path = AppetizersUITests.xctest; sourceTree = BUILT_PRODUCTS_DIR; };
		00DDFB782B24DA500024FD8B /* AppetizersUITests.swift */ = {isa = PBXFileReference; lastKnownFileType = sourcecode.swift; path = AppetizersUITests.swift; sourceTree = "<group>"; };
		00DDFB7A2B24DA500024FD8B /* AppetizersUITestsLaunchTests.swift */ = {isa = PBXFileReference; lastKnownFileType = sourcecode.swift; path = AppetizersUITestsLaunchTests.swift; sourceTree = "<group>"; };
		00DDFB872B25248D0024FD8B /* AppetizersListView.swift */ = {isa = PBXFileReference; lastKnownFileType = sourcecode.swift; path = AppetizersListView.swift; sourceTree = "<group>"; };
		00DDFB892B2524C40024FD8B /* AccountView.swift */ = {isa = PBXFileReference; lastKnownFileType = sourcecode.swift; path = AccountView.swift; sourceTree = "<group>"; };
		00DDFB8B2B2524D30024FD8B /* OrderView.swift */ = {isa = PBXFileReference; lastKnownFileType = sourcecode.swift; path = OrderView.swift; sourceTree = "<group>"; };
/* End PBXFileReference section */

/* Begin PBXFrameworksBuildPhase section */
		00DDFB572B24DA4D0024FD8B /* Frameworks */ = {
			isa = PBXFrameworksBuildPhase;
			buildActionMask = 2147483647;
			files = (
			);
			runOnlyForDeploymentPostprocessing = 0;
		};
		00DDFB672B24DA500024FD8B /* Frameworks */ = {
			isa = PBXFrameworksBuildPhase;
			buildActionMask = 2147483647;
			files = (
			);
			runOnlyForDeploymentPostprocessing = 0;
		};
		00DDFB712B24DA500024FD8B /* Frameworks */ = {
			isa = PBXFrameworksBuildPhase;
			buildActionMask = 2147483647;
			files = (
			);
			runOnlyForDeploymentPostprocessing = 0;
		};
/* End PBXFrameworksBuildPhase section */

/* Begin PBXGroup section */
		007D33792B322246001FCEC7 /* Extensions */ = {
			isa = PBXGroup;
			children = (
				007D337A2B32226D001FCEC7 /* String+Ext.swift */,
				007D337C2B3223F4001FCEC7 /* Color+Ext.swift */,
			);
			path = Extensions;
			sourceTree = "<group>";
		};
		0090EF752B278B6E00FAD20B /* AppetizersListView */ = {
			isa = PBXGroup;
			children = (
				0090EF5E2B2655BC00FAD20B /* AppetizersModel.swift */,
				00DDFB872B25248D0024FD8B /* AppetizersListView.swift */,
				0090EF762B278B9F00FAD20B /* AppetizersListViewModel.swift */,
			);
			path = AppetizersListView;
			sourceTree = "<group>";
		};
		0090EF7C2B290A5700FAD20B /* OrderView */ = {
			isa = PBXGroup;
			children = (
				00DDFB8B2B2524D30024FD8B /* OrderView.swift */,
				00BABF162B3392B7001A28EE /* Order.swift */,
			);
			path = OrderView;
			sourceTree = "<group>";
		};
		0090EF7D2B290A9B00FAD20B /* AccountView */ = {
			isa = PBXGroup;
			children = (
				00DDFB892B2524C40024FD8B /* AccountView.swift */,
				007D33772B32206D001FCEC7 /* AccountViewModel.swift */,
				007D337E2B322FA8001FCEC7 /* User.swift */,
			);
			path = AccountView;
			sourceTree = "<group>";
		};
		0090EF7E2B290AAF00FAD20B /* Screens */ = {
			isa = PBXGroup;
			children = (
				00DDFB5F2B24DA4D0024FD8B /* AppetizersTabView.swift */,
				0090EF752B278B6E00FAD20B /* AppetizersListView */,
				0090EF822B2E588500FAD20B /* AppetizerDetailView */,
				0090EF7D2B290A9B00FAD20B /* AccountView */,
				0090EF7C2B290A5700FAD20B /* OrderView */,
			);
			path = Screens;
			sourceTree = "<group>";
		};
		0090EF7F2B290B0500FAD20B /* Cells */ = {
			isa = PBXGroup;
			children = (
				0090EF602B27793E00FAD20B /* AppetizerListCell.swift */,
			);
			path = Cells;
			sourceTree = "<group>";
		};
		0090EF802B290B0D00FAD20B /* Managers */ = {
			isa = PBXGroup;
			children = (
				0090EF732B2787F800FAD20B /* Networking.swift */,
			);
			path = Managers;
			sourceTree = "<group>";
		};
		0090EF812B290B1F00FAD20B /* Views */ = {
			isa = PBXGroup;
			children = (
				0090EF852B2FA46800FAD20B /* Buttons */,
				00BABF142B338178001A28EE /* EmptyStateView.swift */,
				0090EF782B278F7300FAD20B /* LoadingView.swift */,
				0090EF7A2B29026C00FAD20B /* RemoteImageView.swift */,
			);
			path = Views;
			sourceTree = "<group>";
		};
		0090EF822B2E588500FAD20B /* AppetizerDetailView */ = {
			isa = PBXGroup;
			children = (
				0090EF832B2E58B900FAD20B /* AppetizerDetailView.swift */,
			);
			path = AppetizerDetailView;
			sourceTree = "<group>";
		};
		0090EF852B2FA46800FAD20B /* Buttons */ = {
			isa = PBXGroup;
			children = (
				00BABF182B339AD7001A28EE /* StandardButtonStyle.swift */,
				0090EF862B2FA49E00FAD20B /* AppetizerButton.swift */,
				0090EF882B2FA56600FAD20B /* XDismissButton.swift */,
			);
			path = Buttons;
			sourceTree = "<group>";
		};
		00DDFB512B24DA4D0024FD8B = {
			isa = PBXGroup;
			children = (
				00DDFB5C2B24DA4D0024FD8B /* Appetizers */,
				00DDFB6D2B24DA500024FD8B /* AppetizersTests */,
				00DDFB772B24DA500024FD8B /* AppetizersUITests */,
				00DDFB5B2B24DA4D0024FD8B /* Products */,
			);
			sourceTree = "<group>";
		};
		00DDFB5B2B24DA4D0024FD8B /* Products */ = {
			isa = PBXGroup;
			children = (
				00DDFB5A2B24DA4D0024FD8B /* Appetizers.app */,
				00DDFB6A2B24DA500024FD8B /* AppetizersTests.xctest */,
				00DDFB742B24DA500024FD8B /* AppetizersUITests.xctest */,
			);
			name = Products;
			sourceTree = "<group>";
		};
		00DDFB5C2B24DA4D0024FD8B /* Appetizers */ = {
			isa = PBXGroup;
			children = (
				00DDFB632B24DA4F0024FD8B /* Preview Content */,
				00DDFB612B24DA4F0024FD8B /* Assets.xcassets */,
				00DDFB5D2B24DA4D0024FD8B /* AppetizersApp.swift */,
				007D33792B322246001FCEC7 /* Extensions */,
				0090EF802B290B0D00FAD20B /* Managers */,
				0090EF7E2B290AAF00FAD20B /* Screens */,
				0090EF7F2B290B0500FAD20B /* Cells */,
				0090EF812B290B1F00FAD20B /* Views */,
			);
			path = Appetizers;
			sourceTree = "<group>";
		};
		00DDFB632B24DA4F0024FD8B /* Preview Content */ = {
			isa = PBXGroup;
			children = (
				00DDFB642B24DA4F0024FD8B /* Preview Assets.xcassets */,
			);
			path = "Preview Content";
			sourceTree = "<group>";
		};
		00DDFB6D2B24DA500024FD8B /* AppetizersTests */ = {
			isa = PBXGroup;
			children = (
				00DDFB6E2B24DA500024FD8B /* AppetizersTests.swift */,
			);
			path = AppetizersTests;
			sourceTree = "<group>";
		};
		00DDFB772B24DA500024FD8B /* AppetizersUITests */ = {
			isa = PBXGroup;
			children = (
				00DDFB782B24DA500024FD8B /* AppetizersUITests.swift */,
				00DDFB7A2B24DA500024FD8B /* AppetizersUITestsLaunchTests.swift */,
			);
			path = AppetizersUITests;
			sourceTree = "<group>";
		};
/* End PBXGroup section */

/* Begin PBXNativeTarget section */
		00DDFB592B24DA4D0024FD8B /* Appetizers */ = {
			isa = PBXNativeTarget;
			buildConfigurationList = 00DDFB7E2B24DA500024FD8B /* Build configuration list for PBXNativeTarget "Appetizers" */;
			buildPhases = (
				00DDFB562B24DA4D0024FD8B /* Sources */,
				00DDFB572B24DA4D0024FD8B /* Frameworks */,
				00DDFB582B24DA4D0024FD8B /* Resources */,
			);
			buildRules = (
			);
			dependencies = (
			);
			name = Appetizers;
			productName = Appetizers;
			productReference = 00DDFB5A2B24DA4D0024FD8B /* Appetizers.app */;
			productType = "com.apple.product-type.application";
		};
		00DDFB692B24DA500024FD8B /* AppetizersTests */ = {
			isa = PBXNativeTarget;
			buildConfigurationList = 00DDFB812B24DA500024FD8B /* Build configuration list for PBXNativeTarget "AppetizersTests" */;
			buildPhases = (
				00DDFB662B24DA500024FD8B /* Sources */,
				00DDFB672B24DA500024FD8B /* Frameworks */,
				00DDFB682B24DA500024FD8B /* Resources */,
			);
			buildRules = (
			);
			dependencies = (
				00DDFB6C2B24DA500024FD8B /* PBXTargetDependency */,
			);
			name = AppetizersTests;
			productName = AppetizersTests;
			productReference = 00DDFB6A2B24DA500024FD8B /* AppetizersTests.xctest */;
			productType = "com.apple.product-type.bundle.unit-test";
		};
		00DDFB732B24DA500024FD8B /* AppetizersUITests */ = {
			isa = PBXNativeTarget;
			buildConfigurationList = 00DDFB842B24DA500024FD8B /* Build configuration list for PBXNativeTarget "AppetizersUITests" */;
			buildPhases = (
				00DDFB702B24DA500024FD8B /* Sources */,
				00DDFB712B24DA500024FD8B /* Frameworks */,
				00DDFB722B24DA500024FD8B /* Resources */,
			);
			buildRules = (
			);
			dependencies = (
				00DDFB762B24DA500024FD8B /* PBXTargetDependency */,
			);
			name = AppetizersUITests;
			productName = AppetizersUITests;
			productReference = 00DDFB742B24DA500024FD8B /* AppetizersUITests.xctest */;
			productType = "com.apple.product-type.bundle.ui-testing";
		};
/* End PBXNativeTarget section */

/* Begin PBXProject section */
		00DDFB522B24DA4D0024FD8B /* Project object */ = {
			isa = PBXProject;
			attributes = {
				BuildIndependentTargetsInParallel = 1;
				LastSwiftUpdateCheck = 1340;
				LastUpgradeCheck = 1340;
				TargetAttributes = {
					00DDFB592B24DA4D0024FD8B = {
						CreatedOnToolsVersion = 13.4.1;
					};
					00DDFB692B24DA500024FD8B = {
						CreatedOnToolsVersion = 13.4.1;
						TestTargetID = 00DDFB592B24DA4D0024FD8B;
					};
					00DDFB732B24DA500024FD8B = {
						CreatedOnToolsVersion = 13.4.1;
						TestTargetID = 00DDFB592B24DA4D0024FD8B;
					};
				};
			};
			buildConfigurationList = 00DDFB552B24DA4D0024FD8B /* Build configuration list for PBXProject "Appetizers" */;
			compatibilityVersion = "Xcode 13.0";
			developmentRegion = en;
			hasScannedForEncodings = 0;
			knownRegions = (
				en,
				Base,
			);
			mainGroup = 00DDFB512B24DA4D0024FD8B;
			packageReferences = (
				0090EF642B2784E200FAD20B /* XCRemoteSwiftPackageReference "Alamofire" */,
			);
			productRefGroup = 00DDFB5B2B24DA4D0024FD8B /* Products */;
			projectDirPath = "";
			projectRoot = "";
			targets = (
				00DDFB592B24DA4D0024FD8B /* Appetizers */,
				00DDFB692B24DA500024FD8B /* AppetizersTests */,
				00DDFB732B24DA500024FD8B /* AppetizersUITests */,
			);
		};
/* End PBXProject section */

/* Begin PBXResourcesBuildPhase section */
		00DDFB582B24DA4D0024FD8B /* Resources */ = {
			isa = PBXResourcesBuildPhase;
			buildActionMask = 2147483647;
			files = (
				00DDFB652B24DA4F0024FD8B /* Preview Assets.xcassets in Resources */,
				00DDFB622B24DA4F0024FD8B /* Assets.xcassets in Resources */,
			);
			runOnlyForDeploymentPostprocessing = 0;
		};
		00DDFB682B24DA500024FD8B /* Resources */ = {
			isa = PBXResourcesBuildPhase;
			buildActionMask = 2147483647;
			files = (
			);
			runOnlyForDeploymentPostprocessing = 0;
		};
		00DDFB722B24DA500024FD8B /* Resources */ = {
			isa = PBXResourcesBuildPhase;
			buildActionMask = 2147483647;
			files = (
			);
			runOnlyForDeploymentPostprocessing = 0;
		};
/* End PBXResourcesBuildPhase section */

/* Begin PBXSourcesBuildPhase section */
		00DDFB562B24DA4D0024FD8B /* Sources */ = {
			isa = PBXSourcesBuildPhase;
			buildActionMask = 2147483647;
			files = (
				00BABF192B339AD7001A28EE /* StandardButtonStyle.swift in Sources */,
				0090EF5F2B2655BC00FAD20B /* AppetizersModel.swift in Sources */,
				007D33782B32206D001FCEC7 /* AccountViewModel.swift in Sources */,
				00BABF172B3392B7001A28EE /* Order.swift in Sources */,
				00BABF152B338178001A28EE /* EmptyStateView.swift in Sources */,
				0090EF772B278B9F00FAD20B /* AppetizersListViewModel.swift in Sources */,
				0090EF612B27793F00FAD20B /* AppetizerListCell.swift in Sources */,
				007D337D2B3223F4001FCEC7 /* Color+Ext.swift in Sources */,
				0090EF7B2B29026C00FAD20B /* RemoteImageView.swift in Sources */,
				0090EF792B278F7300FAD20B /* LoadingView.swift in Sources */,
				00DDFB8A2B2524C40024FD8B /* AccountView.swift in Sources */,
				0090EF742B2787F800FAD20B /* Networking.swift in Sources */,
				0090EF872B2FA49E00FAD20B /* AppetizerButton.swift in Sources */,
				00DDFB602B24DA4D0024FD8B /* AppetizersTabView.swift in Sources */,
				00DDFB5E2B24DA4D0024FD8B /* AppetizersApp.swift in Sources */,
				00DDFB882B25248D0024FD8B /* AppetizersListView.swift in Sources */,
				0090EF842B2E58B900FAD20B /* AppetizerDetailView.swift in Sources */,
				007D337F2B322FA8001FCEC7 /* User.swift in Sources */,
				00DDFB8C2B2524D30024FD8B /* OrderView.swift in Sources */,
				007D337B2B32226D001FCEC7 /* String+Ext.swift in Sources */,
				0090EF892B2FA56600FAD20B /* XDismissButton.swift in Sources */,
			);
			runOnlyForDeploymentPostprocessing = 0;
		};
		00DDFB662B24DA500024FD8B /* Sources */ = {
			isa = PBXSourcesBuildPhase;
			buildActionMask = 2147483647;
			files = (
				00DDFB6F2B24DA500024FD8B /* AppetizersTests.swift in Sources */,
			);
			runOnlyForDeploymentPostprocessing = 0;
		};
		00DDFB702B24DA500024FD8B /* Sources */ = {
			isa = PBXSourcesBuildPhase;
			buildActionMask = 2147483647;
			files = (
				00DDFB792B24DA500024FD8B /* AppetizersUITests.swift in Sources */,
				00DDFB7B2B24DA500024FD8B /* AppetizersUITestsLaunchTests.swift in Sources */,
			);
			runOnlyForDeploymentPostprocessing = 0;
		};
/* End PBXSourcesBuildPhase section */

/* Begin PBXTargetDependency section */
		00DDFB6C2B24DA500024FD8B /* PBXTargetDependency */ = {
			isa = PBXTargetDependency;
			target = 00DDFB592B24DA4D0024FD8B /* Appetizers */;
			targetProxy = 00DDFB6B2B24DA500024FD8B /* PBXContainerItemProxy */;
		};
		00DDFB762B24DA500024FD8B /* PBXTargetDependency */ = {
			isa = PBXTargetDependency;
			target = 00DDFB592B24DA4D0024FD8B /* Appetizers */;
			targetProxy = 00DDFB752B24DA500024FD8B /* PBXContainerItemProxy */;
		};
/* End PBXTargetDependency section */

/* Begin XCBuildConfiguration section */
		00DDFB7C2B24DA500024FD8B /* Debug */ = {
			isa = XCBuildConfiguration;
			buildSettings = {
				ALWAYS_SEARCH_USER_PATHS = NO;
				CLANG_ANALYZER_NONNULL = YES;
				CLANG_ANALYZER_NUMBER_OBJECT_CONVERSION = YES_AGGRESSIVE;
				CLANG_CXX_LANGUAGE_STANDARD = "gnu++17";
				CLANG_ENABLE_MODULES = YES;
				CLANG_ENABLE_OBJC_ARC = YES;
				CLANG_ENABLE_OBJC_WEAK = YES;
				CLANG_WARN_BLOCK_CAPTURE_AUTORELEASING = YES;
				CLANG_WARN_BOOL_CONVERSION = YES;
				CLANG_WARN_COMMA = YES;
				CLANG_WARN_CONSTANT_CONVERSION = YES;
				CLANG_WARN_DEPRECATED_OBJC_IMPLEMENTATIONS = YES;
				CLANG_WARN_DIRECT_OBJC_ISA_USAGE = YES_ERROR;
				CLANG_WARN_DOCUMENTATION_COMMENTS = YES;
				CLANG_WARN_EMPTY_BODY = YES;
				CLANG_WARN_ENUM_CONVERSION = YES;
				CLANG_WARN_INFINITE_RECURSION = YES;
				CLANG_WARN_INT_CONVERSION = YES;
				CLANG_WARN_NON_LITERAL_NULL_CONVERSION = YES;
				CLANG_WARN_OBJC_IMPLICIT_RETAIN_SELF = YES;
				CLANG_WARN_OBJC_LITERAL_CONVERSION = YES;
				CLANG_WARN_OBJC_ROOT_CLASS = YES_ERROR;
				CLANG_WARN_QUOTED_INCLUDE_IN_FRAMEWORK_HEADER = YES;
				CLANG_WARN_RANGE_LOOP_ANALYSIS = YES;
				CLANG_WARN_STRICT_PROTOTYPES = YES;
				CLANG_WARN_SUSPICIOUS_MOVE = YES;
				CLANG_WARN_UNGUARDED_AVAILABILITY = YES_AGGRESSIVE;
				CLANG_WARN_UNREACHABLE_CODE = YES;
				CLANG_WARN__DUPLICATE_METHOD_MATCH = YES;
				COPY_PHASE_STRIP = NO;
				DEBUG_INFORMATION_FORMAT = dwarf;
				ENABLE_STRICT_OBJC_MSGSEND = YES;
				ENABLE_TESTABILITY = YES;
				GCC_C_LANGUAGE_STANDARD = gnu11;
				GCC_DYNAMIC_NO_PIC = NO;
				GCC_NO_COMMON_BLOCKS = YES;
				GCC_OPTIMIZATION_LEVEL = 0;
				GCC_PREPROCESSOR_DEFINITIONS = (
					"DEBUG=1",
					"$(inherited)",
				);
				GCC_WARN_64_TO_32_BIT_CONVERSION = YES;
				GCC_WARN_ABOUT_RETURN_TYPE = YES_ERROR;
				GCC_WARN_UNDECLARED_SELECTOR = YES;
				GCC_WARN_UNINITIALIZED_AUTOS = YES_AGGRESSIVE;
				GCC_WARN_UNUSED_FUNCTION = YES;
				GCC_WARN_UNUSED_VARIABLE = YES;
				IPHONEOS_DEPLOYMENT_TARGET = 15.5;
				MTL_ENABLE_DEBUG_INFO = INCLUDE_SOURCE;
				MTL_FAST_MATH = YES;
				ONLY_ACTIVE_ARCH = YES;
				SDKROOT = iphoneos;
				SWIFT_ACTIVE_COMPILATION_CONDITIONS = DEBUG;
				SWIFT_OPTIMIZATION_LEVEL = "-Onone";
			};
			name = Debug;
		};
		00DDFB7D2B24DA500024FD8B /* Release */ = {
			isa = XCBuildConfiguration;
			buildSettings = {
				ALWAYS_SEARCH_USER_PATHS = NO;
				CLANG_ANALYZER_NONNULL = YES;
				CLANG_ANALYZER_NUMBER_OBJECT_CONVERSION = YES_AGGRESSIVE;
				CLANG_CXX_LANGUAGE_STANDARD = "gnu++17";
				CLANG_ENABLE_MODULES = YES;
				CLANG_ENABLE_OBJC_ARC = YES;
				CLANG_ENABLE_OBJC_WEAK = YES;
				CLANG_WARN_BLOCK_CAPTURE_AUTORELEASING = YES;
				CLANG_WARN_BOOL_CONVERSION = YES;
				CLANG_WARN_COMMA = YES;
				CLANG_WARN_CONSTANT_CONVERSION = YES;
				CLANG_WARN_DEPRECATED_OBJC_IMPLEMENTATIONS = YES;
				CLANG_WARN_DIRECT_OBJC_ISA_USAGE = YES_ERROR;
				CLANG_WARN_DOCUMENTATION_COMMENTS = YES;
				CLANG_WARN_EMPTY_BODY = YES;
				CLANG_WARN_ENUM_CONVERSION = YES;
				CLANG_WARN_INFINITE_RECURSION = YES;
				CLANG_WARN_INT_CONVERSION = YES;
				CLANG_WARN_NON_LITERAL_NULL_CONVERSION = YES;
				CLANG_WARN_OBJC_IMPLICIT_RETAIN_SELF = YES;
				CLANG_WARN_OBJC_LITERAL_CONVERSION = YES;
				CLANG_WARN_OBJC_ROOT_CLASS = YES_ERROR;
				CLANG_WARN_QUOTED_INCLUDE_IN_FRAMEWORK_HEADER = YES;
				CLANG_WARN_RANGE_LOOP_ANALYSIS = YES;
				CLANG_WARN_STRICT_PROTOTYPES = YES;
				CLANG_WARN_SUSPICIOUS_MOVE = YES;
				CLANG_WARN_UNGUARDED_AVAILABILITY = YES_AGGRESSIVE;
				CLANG_WARN_UNREACHABLE_CODE = YES;
				CLANG_WARN__DUPLICATE_METHOD_MATCH = YES;
				COPY_PHASE_STRIP = NO;
				DEBUG_INFORMATION_FORMAT = "dwarf-with-dsym";
				ENABLE_NS_ASSERTIONS = NO;
				ENABLE_STRICT_OBJC_MSGSEND = YES;
				GCC_C_LANGUAGE_STANDARD = gnu11;
				GCC_NO_COMMON_BLOCKS = YES;
				GCC_WARN_64_TO_32_BIT_CONVERSION = YES;
				GCC_WARN_ABOUT_RETURN_TYPE = YES_ERROR;
				GCC_WARN_UNDECLARED_SELECTOR = YES;
				GCC_WARN_UNINITIALIZED_AUTOS = YES_AGGRESSIVE;
				GCC_WARN_UNUSED_FUNCTION = YES;
				GCC_WARN_UNUSED_VARIABLE = YES;
				IPHONEOS_DEPLOYMENT_TARGET = 15.5;
				MTL_ENABLE_DEBUG_INFO = NO;
				MTL_FAST_MATH = YES;
				SDKROOT = iphoneos;
				SWIFT_COMPILATION_MODE = wholemodule;
				SWIFT_OPTIMIZATION_LEVEL = "-O";
				VALIDATE_PRODUCT = YES;
			};
			name = Release;
		};
		00DDFB7F2B24DA500024FD8B /* Debug */ = {
			isa = XCBuildConfiguration;
			buildSettings = {
				ASSETCATALOG_COMPILER_APPICON_NAME = AppIcon;
				ASSETCATALOG_COMPILER_GLOBAL_ACCENT_COLOR_NAME = AccentColor;
				CODE_SIGN_STYLE = Automatic;
				CURRENT_PROJECT_VERSION = 1;
				DEVELOPMENT_ASSET_PATHS = "\"Appetizers/Preview Content\"";
				DEVELOPMENT_TEAM = SPHY5BA8B7;
				ENABLE_PREVIEWS = YES;
				GENERATE_INFOPLIST_FILE = YES;
				INFOPLIST_KEY_UIApplicationSceneManifest_Generation = YES;
				INFOPLIST_KEY_UIApplicationSupportsIndirectInputEvents = YES;
				INFOPLIST_KEY_UILaunchScreen_Generation = YES;
				INFOPLIST_KEY_UISupportedInterfaceOrientations_iPad = "UIInterfaceOrientationPortrait UIInterfaceOrientationPortraitUpsideDown UIInterfaceOrientationLandscapeLeft UIInterfaceOrientationLandscapeRight";
				INFOPLIST_KEY_UISupportedInterfaceOrientations_iPhone = "UIInterfaceOrientationPortrait UIInterfaceOrientationLandscapeLeft UIInterfaceOrientationLandscapeRight";
				LD_RUNPATH_SEARCH_PATHS = (
					"$(inherited)",
					"@executable_path/Frameworks",
				);
				MARKETING_VERSION = 1.0;
				PRODUCT_BUNDLE_IDENTIFIER = "mostafa.ashraf10497-gmail.com.Appetizers";
				PRODUCT_NAME = "$(TARGET_NAME)";
				SWIFT_EMIT_LOC_STRINGS = YES;
				SWIFT_VERSION = 5.0;
				TARGETED_DEVICE_FAMILY = "1,2";
			};
			name = Debug;
		};
		00DDFB802B24DA500024FD8B /* Release */ = {
			isa = XCBuildConfiguration;
			buildSettings = {
				ASSETCATALOG_COMPILER_APPICON_NAME = AppIcon;
				ASSETCATALOG_COMPILER_GLOBAL_ACCENT_COLOR_NAME = AccentColor;
				CODE_SIGN_STYLE = Automatic;
				CURRENT_PROJECT_VERSION = 1;
				DEVELOPMENT_ASSET_PATHS = "\"Appetizers/Preview Content\"";
				DEVELOPMENT_TEAM = SPHY5BA8B7;
				ENABLE_PREVIEWS = YES;
				GENERATE_INFOPLIST_FILE = YES;
				INFOPLIST_KEY_UIApplicationSceneManifest_Generation = YES;
				INFOPLIST_KEY_UIApplicationSupportsIndirectInputEvents = YES;
				INFOPLIST_KEY_UILaunchScreen_Generation = YES;
				INFOPLIST_KEY_UISupportedInterfaceOrientations_iPad = "UIInterfaceOrientationPortrait UIInterfaceOrientationPortraitUpsideDown UIInterfaceOrientationLandscapeLeft UIInterfaceOrientationLandscapeRight";
				INFOPLIST_KEY_UISupportedInterfaceOrientations_iPhone = "UIInterfaceOrientationPortrait UIInterfaceOrientationLandscapeLeft UIInterfaceOrientationLandscapeRight";
				LD_RUNPATH_SEARCH_PATHS = (
					"$(inherited)",
					"@executable_path/Frameworks",
				);
				MARKETING_VERSION = 1.0;
				PRODUCT_BUNDLE_IDENTIFIER = "mostafa.ashraf10497-gmail.com.Appetizers";
				PRODUCT_NAME = "$(TARGET_NAME)";
				SWIFT_EMIT_LOC_STRINGS = YES;
				SWIFT_VERSION = 5.0;
				TARGETED_DEVICE_FAMILY = "1,2";
			};
			name = Release;
		};
		00DDFB822B24DA500024FD8B /* Debug */ = {
			isa = XCBuildConfiguration;
			buildSettings = {
				ALWAYS_EMBED_SWIFT_STANDARD_LIBRARIES = YES;
				BUNDLE_LOADER = "$(TEST_HOST)";
				CODE_SIGN_STYLE = Automatic;
				CURRENT_PROJECT_VERSION = 1;
				DEVELOPMENT_TEAM = SPHY5BA8B7;
				GENERATE_INFOPLIST_FILE = YES;
				IPHONEOS_DEPLOYMENT_TARGET = 15.5;
				MARKETING_VERSION = 1.0;
				PRODUCT_BUNDLE_IDENTIFIER = "mostafa.ashraf10497-gmail.com.AppetizersTests";
				PRODUCT_NAME = "$(TARGET_NAME)";
				SWIFT_EMIT_LOC_STRINGS = NO;
				SWIFT_VERSION = 5.0;
				TARGETED_DEVICE_FAMILY = "1,2";
				TEST_HOST = "$(BUILT_PRODUCTS_DIR)/Appetizers.app/Appetizers";
			};
			name = Debug;
		};
		00DDFB832B24DA500024FD8B /* Release */ = {
			isa = XCBuildConfiguration;
			buildSettings = {
				ALWAYS_EMBED_SWIFT_STANDARD_LIBRARIES = YES;
				BUNDLE_LOADER = "$(TEST_HOST)";
				CODE_SIGN_STYLE = Automatic;
				CURRENT_PROJECT_VERSION = 1;
				DEVELOPMENT_TEAM = SPHY5BA8B7;
				GENERATE_INFOPLIST_FILE = YES;
				IPHONEOS_DEPLOYMENT_TARGET = 15.5;
				MARKETING_VERSION = 1.0;
				PRODUCT_BUNDLE_IDENTIFIER = "mostafa.ashraf10497-gmail.com.AppetizersTests";
				PRODUCT_NAME = "$(TARGET_NAME)";
				SWIFT_EMIT_LOC_STRINGS = NO;
				SWIFT_VERSION = 5.0;
				TARGETED_DEVICE_FAMILY = "1,2";
				TEST_HOST = "$(BUILT_PRODUCTS_DIR)/Appetizers.app/Appetizers";
			};
			name = Release;
		};
		00DDFB852B24DA500024FD8B /* Debug */ = {
			isa = XCBuildConfiguration;
			buildSettings = {
				ALWAYS_EMBED_SWIFT_STANDARD_LIBRARIES = YES;
				CODE_SIGN_STYLE = Automatic;
				CURRENT_PROJECT_VERSION = 1;
				DEVELOPMENT_TEAM = SPHY5BA8B7;
				GENERATE_INFOPLIST_FILE = YES;
				MARKETING_VERSION = 1.0;
				PRODUCT_BUNDLE_IDENTIFIER = "mostafa.ashraf10497-gmail.com.AppetizersUITests";
				PRODUCT_NAME = "$(TARGET_NAME)";
				SWIFT_EMIT_LOC_STRINGS = NO;
				SWIFT_VERSION = 5.0;
				TARGETED_DEVICE_FAMILY = "1,2";
				TEST_TARGET_NAME = Appetizers;
			};
			name = Debug;
		};
		00DDFB862B24DA500024FD8B /* Release */ = {
			isa = XCBuildConfiguration;
			buildSettings = {
				ALWAYS_EMBED_SWIFT_STANDARD_LIBRARIES = YES;
				CODE_SIGN_STYLE = Automatic;
				CURRENT_PROJECT_VERSION = 1;
				DEVELOPMENT_TEAM = SPHY5BA8B7;
				GENERATE_INFOPLIST_FILE = YES;
				MARKETING_VERSION = 1.0;
				PRODUCT_BUNDLE_IDENTIFIER = "mostafa.ashraf10497-gmail.com.AppetizersUITests";
				PRODUCT_NAME = "$(TARGET_NAME)";
				SWIFT_EMIT_LOC_STRINGS = NO;
				SWIFT_VERSION = 5.0;
				TARGETED_DEVICE_FAMILY = "1,2";
				TEST_TARGET_NAME = Appetizers;
			};
			name = Release;
		};
/* End XCBuildConfiguration section */

/* Begin XCConfigurationList section */
		00DDFB552B24DA4D0024FD8B /* Build configuration list for PBXProject "Appetizers" */ = {
			isa = XCConfigurationList;
			buildConfigurations = (
				00DDFB7C2B24DA500024FD8B /* Debug */,
				00DDFB7D2B24DA500024FD8B /* Release */,
			);
			defaultConfigurationIsVisible = 0;
			defaultConfigurationName = Release;
		};
		00DDFB7E2B24DA500024FD8B /* Build configuration list for PBXNativeTarget "Appetizers" */ = {
			isa = XCConfigurationList;
			buildConfigurations = (
				00DDFB7F2B24DA500024FD8B /* Debug */,
				00DDFB802B24DA500024FD8B /* Release */,
			);
			defaultConfigurationIsVisible = 0;
			defaultConfigurationName = Release;
		};
		00DDFB812B24DA500024FD8B /* Build configuration list for PBXNativeTarget "AppetizersTests" */ = {
			isa = XCConfigurationList;
			buildConfigurations = (
				00DDFB822B24DA500024FD8B /* Debug */,
				00DDFB832B24DA500024FD8B /* Release */,
			);
			defaultConfigurationIsVisible = 0;
			defaultConfigurationName = Release;
		};
		00DDFB842B24DA500024FD8B /* Build configuration list for PBXNativeTarget "AppetizersUITests" */ = {
			isa = XCConfigurationList;
			buildConfigurations = (
				00DDFB852B24DA500024FD8B /* Debug */,
				00DDFB862B24DA500024FD8B /* Release */,
			);
			defaultConfigurationIsVisible = 0;
			defaultConfigurationName = Release;
		};
/* End XCConfigurationList section */

/* Begin XCRemoteSwiftPackageReference section */
		0090EF642B2784E200FAD20B /* XCRemoteSwiftPackageReference "Alamofire" */ = {
			isa = XCRemoteSwiftPackageReference;
			repositoryURL = "https://github.com/Alamofire/Alamofire.git";
			requirement = {
				branch = master;
				kind = branch;
			};
		};
/* End XCRemoteSwiftPackageReference section */
	};
	rootObject = 00DDFB522B24DA4D0024FD8B /* Project object */;
}
